// !$*UTF8*$!
{
	archiveVersion = 1;
	classes = {
	};
	objectVersion = 50;
	objects = {

/* Begin PBXBuildFile section */
		984330C325545E9800A0FCC7 /* AppDelegate.swift in Sources */ = {isa = PBXBuildFile; fileRef = 984330C225545E9800A0FCC7 /* AppDelegate.swift */; };
		984330C525545E9800A0FCC7 /* SceneDelegate.swift in Sources */ = {isa = PBXBuildFile; fileRef = 984330C425545E9800A0FCC7 /* SceneDelegate.swift */; };
		984330C725545E9800A0FCC7 /* ViewController.swift in Sources */ = {isa = PBXBuildFile; fileRef = 984330C625545E9800A0FCC7 /* ViewController.swift */; };
		984330CA25545E9800A0FCC7 /* Main.storyboard in Resources */ = {isa = PBXBuildFile; fileRef = 984330C825545E9800A0FCC7 /* Main.storyboard */; };
		984330CC25545E9B00A0FCC7 /* Assets.xcassets in Resources */ = {isa = PBXBuildFile; fileRef = 984330CB25545E9B00A0FCC7 /* Assets.xcassets */; };
		984330CF25545E9B00A0FCC7 /* LaunchScreen.storyboard in Resources */ = {isa = PBXBuildFile; fileRef = 984330CD25545E9B00A0FCC7 /* LaunchScreen.storyboard */; };
/* End PBXBuildFile section */

/* Begin PBXFileReference section */
		984330BF25545E9800A0FCC7 /* temp.app */ = {isa = PBXFileReference; explicitFileType = wrapper.application; includeInIndex = 0; path = temp.app; sourceTree = BUILT_PRODUCTS_DIR; };
		984330C225545E9800A0FCC7 /* AppDelegate.swift */ = {isa = PBXFileReference; lastKnownFileType = sourcecode.swift; path = AppDelegate.swift; sourceTree = "<group>"; };
		984330C425545E9800A0FCC7 /* SceneDelegate.swift */ = {isa = PBXFileReference; lastKnownFileType = sourcecode.swift; path = SceneDelegate.swift; sourceTree = "<group>"; };
		984330C625545E9800A0FCC7 /* ViewController.swift */ = {isa = PBXFileReference; lastKnownFileType = sourcecode.swift; path = ViewController.swift; sourceTree = "<group>"; };
		984330C925545E9800A0FCC7 /* Base */ = {isa = PBXFileReference; lastKnownFileType = file.storyboard; name = Base; path = Base.lproj/Main.storyboard; sourceTree = "<group>"; };
		984330CB25545E9B00A0FCC7 /* Assets.xcassets */ = {isa = PBXFileReference; lastKnownFileType = folder.assetcatalog; path = Assets.xcassets; sourceTree = "<group>"; };
		984330CE25545E9B00A0FCC7 /* Base */ = {isa = PBXFileReference; lastKnownFileType = file.storyboard; name = Base; path = Base.lproj/LaunchScreen.storyboard; sourceTree = "<group>"; };
		984330D025545E9B00A0FCC7 /* Info.plist */ = {isa = PBXFileReference; lastKnownFileType = text.plist.xml; path = Info.plist; sourceTree = "<group>"; };
/* End PBXFileReference section */

/* Begin PBXFrameworksBuildPhase section */
		984330BC25545E9800A0FCC7 /* Frameworks */ = {
			isa = PBXFrameworksBuildPhase;
			buildActionMask = 2147483647;
			files = (
			);
			runOnlyForDeploymentPostprocessing = 0;
		};
/* End PBXFrameworksBuildPhase section */

/* Begin PBXGroup section */
		984330B625545E9800A0FCC7 = {
			isa = PBXGroup;
			children = (
				984330C125545E9800A0FCC7 /* temp */,
				984330C025545E9800A0FCC7 /* Products */,
			);
			sourceTree = "<group>";
		};
		984330C025545E9800A0FCC7 /* Products */ = {
			isa = PBXGroup;
			children = (
				984330BF25545E9800A0FCC7 /* temp.app */,
			);
			name = Products;
			sourceTree = "<group>";
		};
		984330C125545E9800A0FCC7 /* temp */ = {
			isa = PBXGroup;
			children = (
				984330C225545E9800A0FCC7 /* AppDelegate.swift */,
				984330C425545E9800A0FCC7 /* SceneDelegate.swift */,
				984330C625545E9800A0FCC7 /* ViewController.swift */,
				984330C825545E9800A0FCC7 /* Main.storyboard */,
				984330CB25545E9B00A0FCC7 /* Assets.xcassets */,
				984330CD25545E9B00A0FCC7 /* LaunchScreen.storyboard */,
				984330D025545E9B00A0FCC7 /* Info.plist */,
			);
			path = temp;
			sourceTree = "<group>";
		};
/* End PBXGroup section */

/* Begin PBXNativeTarget section */
		984330BE25545E9800A0FCC7 /* temp */ = {
			isa = PBXNativeTarget;
			buildConfigurationList = 984330D325545E9B00A0FCC7 /* Build configuration list for PBXNativeTarget "temp" */;
			buildPhases = (
				984330BB25545E9800A0FCC7 /* Sources */,
				984330BC25545E9800A0FCC7 /* Frameworks */,
				984330BD25545E9800A0FCC7 /* Resources */,
			);
			buildRules = (
			);
			dependencies = (
			);
			name = temp;
			productName = temp;
			productReference = 984330BF25545E9800A0FCC7 /* temp.app */;
			productType = "com.apple.product-type.application";
		};
/* End PBXNativeTarget section */

/* Begin PBXProject section */
		984330B725545E9800A0FCC7 /* Project object */ = {
			isa = PBXProject;
			attributes = {
				LastSwiftUpdateCheck = 1170;
				LastUpgradeCheck = 1170;
				ORGANIZATIONNAME = "Hetal Patel";
				TargetAttributes = {
					984330BE25545E9800A0FCC7 = {
						CreatedOnToolsVersion = 11.7;
					};
				};
			};
			buildConfigurationList = 984330BA25545E9800A0FCC7 /* Build configuration list for PBXProject "temp" */;
			compatibilityVersion = "Xcode 9.3";
			developmentRegion = en;
			hasScannedForEncodings = 0;
			knownRegions = (
				en,
				Base,
			);
			mainGroup = 984330B625545E9800A0FCC7;
			productRefGroup = 984330C025545E9800A0FCC7 /* Products */;
			projectDirPath = "";
			projectRoot = "";
			targets = (
				984330BE25545E9800A0FCC7 /* temp */,
			);
		};
/* End PBXProject section */

/* Begin PBXResourcesBuildPhase section */
		984330BD25545E9800A0FCC7 /* Resources */ = {
			isa = PBXResourcesBuildPhase;
			buildActionMask = 2147483647;
			files = (
				984330CF25545E9B00A0FCC7 /* LaunchScreen.storyboard in Resources */,
				984330CC25545E9B00A0FCC7 /* Assets.xcassets in Resources */,
				984330CA25545E9800A0FCC7 /* Main.storyboard in Resources */,
			);
			runOnlyForDeploymentPostprocessing = 0;
		};
/* End PBXResourcesBuildPhase section */

/* Begin PBXSourcesBuildPhase section */
		984330BB25545E9800A0FCC7 /* Sources */ = {
			isa = PBXSourcesBuildPhase;
			buildActionMask = 2147483647;
			files = (
				984330C725545E9800A0FCC7 /* ViewController.swift in Sources */,
				984330C325545E9800A0FCC7 /* AppDelegate.swift in Sources */,
				984330C525545E9800A0FCC7 /* SceneDelegate.swift in Sources */,
			);
			runOnlyForDeploymentPostprocessing = 0;
		};
/* End PBXSourcesBuildPhase section */

/* Begin PBXVariantGroup section */
		984330C825545E9800A0FCC7 /* Main.storyboard */ = {
			isa = PBXVariantGroup;
			children = (
				984330C925545E9800A0FCC7 /* Base */,
			);
			name = Main.storyboard;
			sourceTree = "<group>";
		};
		984330CD25545E9B00A0FCC7 /* LaunchScreen.storyboard */ = {
			isa = PBXVariantGroup;
			children = (
				984330CE25545E9B00A0FCC7 /* Base */,
			);
			name = LaunchScreen.storyboard;
			sourceTree = "<group>";
		};
/* End PBXVariantGroup section */

/* Begin XCBuildConfiguration section */
		984330D125545E9B00A0FCC7 /* Debug */ = {
			isa = XCBuildConfiguration;
			buildSettings = {
				ALWAYS_SEARCH_USER_PATHS = NO;
				CLANG_ANALYZER_NONNULL = YES;
				CLANG_ANALYZER_NUMBER_OBJECT_CONVERSION = YES_AGGRESSIVE;
				CLANG_CXX_LANGUAGE_STANDARD = "gnu++14";
				CLANG_CXX_LIBRARY = "libc++";
				CLANG_ENABLE_MODULES = YES;
				CLANG_ENABLE_OBJC_ARC = YES;
				CLANG_ENABLE_OBJC_WEAK = YES;
				CLANG_WARN_BLOCK_CAPTURE_AUTORELEASING = YES;
				CLANG_WARN_BOOL_CONVERSION = YES;
				CLANG_WARN_COMMA = YES;
				CLANG_WARN_CONSTANT_CONVERSION = YES;
				CLANG_WARN_DEPRECATED_OBJC_IMPLEMENTATIONS = YES;
				CLANG_WARN_DIRECT_OBJC_ISA_USAGE = YES_ERROR;
				CLANG_WARN_DOCUMENTATION_COMMENTS = YES;
				CLANG_WARN_EMPTY_BODY = YES;
				CLANG_WARN_ENUM_CONVERSION = YES;
				CLANG_WARN_INFINITE_RECURSION = YES;
				CLANG_WARN_INT_CONVERSION = YES;
				CLANG_WARN_NON_LITERAL_NULL_CONVERSION = YES;
				CLANG_WARN_OBJC_IMPLICIT_RETAIN_SELF = YES;
				CLANG_WARN_OBJC_LITERAL_CONVERSION = YES;
				CLANG_WARN_OBJC_ROOT_CLASS = YES_ERROR;
				CLANG_WARN_RANGE_LOOP_ANALYSIS = YES;
				CLANG_WARN_STRICT_PROTOTYPES = YES;
				CLANG_WARN_SUSPICIOUS_MOVE = YES;
				CLANG_WARN_UNGUARDED_AVAILABILITY = YES_AGGRESSIVE;
				CLANG_WARN_UNREACHABLE_CODE = YES;
				CLANG_WARN__DUPLICATE_METHOD_MATCH = YES;
				COPY_PHASE_STRIP = NO;
				DEBUG_INFORMATION_FORMAT = dwarf;
				ENABLE_STRICT_OBJC_MSGSEND = YES;
				ENABLE_TESTABILITY = YES;
				GCC_C_LANGUAGE_STANDARD = gnu11;
				GCC_DYNAMIC_NO_PIC = NO;
				GCC_NO_COMMON_BLOCKS = YES;
				GCC_OPTIMIZATION_LEVEL = 0;
				GCC_PREPROCESSOR_DEFINITIONS = (
					"DEBUG=1",
					"$(inherited)",
				);
				GCC_WARN_64_TO_32_BIT_CONVERSION = YES;
				GCC_WARN_ABOUT_RETURN_TYPE = YES_ERROR;
				GCC_WARN_UNDECLARED_SELECTOR = YES;
				GCC_WARN_UNINITIALIZED_AUTOS = YES_AGGRESSIVE;
				GCC_WARN_UNUSED_FUNCTION = YES;
				GCC_WARN_UNUSED_VARIABLE = YES;
				IPHONEOS_DEPLOYMENT_TARGET = 13.7;
				MTL_ENABLE_DEBUG_INFO = INCLUDE_SOURCE;
				MTL_FAST_MATH = YES;
				ONLY_ACTIVE_ARCH = YES;
				SDKROOT = iphoneos;
				SWIFT_ACTIVE_COMPILATION_CONDITIONS = DEBUG;
				SWIFT_OPTIMIZATION_LEVEL = "-Onone";
			};
			name = Debug;
		};
		984330D225545E9B00A0FCC7 /* Release */ = {
			isa = XCBuildConfiguration;
			buildSettings = {
				ALWAYS_SEARCH_USER_PATHS = NO;
				CLANG_ANALYZER_NONNULL = YES;
				CLANG_ANALYZER_NUMBER_OBJECT_CONVERSION = YES_AGGRESSIVE;
				CLANG_CXX_LANGUAGE_STANDARD = "gnu++14";
				CLANG_CXX_LIBRARY = "libc++";
				CLANG_ENABLE_MODULES = YES;
				CLANG_ENABLE_OBJC_ARC = YES;
				CLANG_ENABLE_OBJC_WEAK = YES;
				CLANG_WARN_BLOCK_CAPTURE_AUTORELEASING = YES;
				CLANG_WARN_BOOL_CONVERSION = YES;
				CLANG_WARN_COMMA = YES;
				CLANG_WARN_CONSTANT_CONVERSION = YES;
				CLANG_WARN_DEPRECATED_OBJC_IMPLEMENTATIONS = YES;
				CLANG_WARN_DIRECT_OBJC_ISA_USAGE = YES_ERROR;
				CLANG_WARN_DOCUMENTATION_COMMENTS = YES;
				CLANG_WARN_EMPTY_BODY = YES;
				CLANG_WARN_ENUM_CONVERSION = YES;
				CLANG_WARN_INFINITE_RECURSION = YES;
				CLANG_WARN_INT_CONVERSION = YES;
				CLANG_WARN_NON_LITERAL_NULL_CONVERSION = YES;
				CLANG_WARN_OBJC_IMPLICIT_RETAIN_SELF = YES;
				CLANG_WARN_OBJC_LITERAL_CONVERSION = YES;
				CLANG_WARN_OBJC_ROOT_CLASS = YES_ERROR;
				CLANG_WARN_RANGE_LOOP_ANALYSIS = YES;
				CLANG_WARN_STRICT_PROTOTYPES = YES;
				CLANG_WARN_SUSPICIOUS_MOVE = YES;
				CLANG_WARN_UNGUARDED_AVAILABILITY = YES_AGGRESSIVE;
				CLANG_WARN_UNREACHABLE_CODE = YES;
				CLANG_WARN__DUPLICATE_METHOD_MATCH = YES;
				COPY_PHASE_STRIP = NO;
				DEBUG_INFORMATION_FORMAT = "dwarf-with-dsym";
				ENABLE_NS_ASSERTIONS = NO;
				ENABLE_STRICT_OBJC_MSGSEND = YES;
				GCC_C_LANGUAGE_STANDARD = gnu11;
				GCC_NO_COMMON_BLOCKS = YES;
				GCC_WARN_64_TO_32_BIT_CONVERSION = YES;
				GCC_WARN_ABOUT_RETURN_TYPE = YES_ERROR;
				GCC_WARN_UNDECLARED_SELECTOR = YES;
				GCC_WARN_UNINITIALIZED_AUTOS = YES_AGGRESSIVE;
				GCC_WARN_UNUSED_FUNCTION = YES;
				GCC_WARN_UNUSED_VARIABLE = YES;
				IPHONEOS_DEPLOYMENT_TARGET = 13.7;
				MTL_ENABLE_DEBUG_INFO = NO;
				MTL_FAST_MATH = YES;
				SDKROOT = iphoneos;
				SWIFT_COMPILATION_MODE = wholemodule;
				SWIFT_OPTIMIZATION_LEVEL = "-O";
				VALIDATE_PRODUCT = YES;
			};
			name = Release;
		};
		984330D425545E9B00A0FCC7 /* Debug */ = {
			isa = XCBuildConfiguration;
			buildSettings = {
				ASSETCATALOG_COMPILER_APPICON_NAME = AppIcon;
				CODE_SIGN_STYLE = Automatic;
				INFOPLIST_FILE = temp/Info.plist;
				LD_RUNPATH_SEARCH_PATHS = (
					"$(inherited)",
					"@executable_path/Frameworks",
				);
				PRODUCT_BUNDLE_IDENTIFIER = com.hetal.temp;
				PRODUCT_NAME = "$(TARGET_NAME)";
				SWIFT_VERSION = 5.0;
				TARGETED_DEVICE_FAMILY = "1,2";
			};
			name = Debug;
		};
		984330D525545E9B00A0FCC7 /* Release */ = {
			isa = XCBuildConfiguration;
			buildSettings = {
				ASSETCATALOG_COMPILER_APPICON_NAME = AppIcon;
				CODE_SIGN_STYLE = Automatic;
				INFOPLIST_FILE = temp/Info.plist;
				LD_RUNPATH_SEARCH_PATHS = (
					"$(inherited)",
					"@executable_path/Frameworks",
				);
				PRODUCT_BUNDLE_IDENTIFIER = com.hetal.temp;
				PRODUCT_NAME = "$(TARGET_NAME)";
				SWIFT_VERSION = 5.0;
				TARGETED_DEVICE_FAMILY = "1,2";
			};
			name = Release;
		};
/* End XCBuildConfiguration section */

/* Begin XCConfigurationList section */
		984330BA25545E9800A0FCC7 /* Build configuration list for PBXProject "temp" */ = {
			isa = XCConfigurationList;
			buildConfigurations = (
				984330D125545E9B00A0FCC7 /* Debug */,
				984330D225545E9B00A0FCC7 /* Release */,
			);
			defaultConfigurationIsVisible = 0;
			defaultConfigurationName = Release;
		};
		984330D325545E9B00A0FCC7 /* Build configuration list for PBXNativeTarget "temp" */ = {
			isa = XCConfigurationList;
			buildConfigurations = (
				984330D425545E9B00A0FCC7 /* Debug */,
				984330D525545E9B00A0FCC7 /* Release */,
			);
			defaultConfigurationIsVisible = 0;
			defaultConfigurationName = Release;
		};
/* End XCConfigurationList section */
	};
	rootObject = 984330B725545E9800A0FCC7 /* Project object */;
}
